
Microsoft Visual Studio Solution File, Format Version 12.00
# Visual Studio Version 17
VisualStudioVersion = 17.9.34622.214
MinimumVisualStudioVersion = 10.0.40219.1
Project("{FAE04EC0-301F-11D3-BF4B-00C04F79EFBC}") = "Supermarketmvp2", "Supermarketmvp2.csproj", "{A31AE202-4637-496A-A256-15F5C6F0AFA3}"
EndProject
Global
	GlobalSection(SolutionConfigurationPlatforms) = preSolution
		Debug|Any CPU = Debug|Any CPU
		Release|Any CPU = Release|Any CPU
	EndGlobalSection
	GlobalSection(ProjectConfigurationPlatforms) = postSolution
		{A31AE202-4637-496A-A256-15F5C6F0AFA3}.Debug|Any CPU.ActiveCfg = Debug|Any CPU
		{A31AE202-4637-496A-A256-15F5C6F0AFA3}.Debug|Any CPU.Build.0 = Debug|Any CPU
		{A31AE202-4637-496A-A256-15F5C6F0AFA3}.Release|Any CPU.ActiveCfg = Release|Any CPU
		{A31AE202-4637-496A-A256-15F5C6F0AFA3}.Release|Any CPU.Build.0 = Release|Any CPU
	EndGlobalSection
	GlobalSection(SolutionProperties) = preSolution
		HideSolutionNode = FALSE
	EndGlobalSection
	GlobalSection(ExtensibilityGlobals) = postSolution
		SolutionGuid = {BFDEBD6D-E555-47D1-9746-8A5A79811EDD}
	EndGlobalSection
EndGlobal
